<?xml version="1.0" encoding="utf-8"?>
<Project ToolsVersion="4.0" xmlns="http://schemas.microsoft.com/developer/msbuild/2003">
  <ItemGroup>
    <Filter Include="소스 파일">
      <UniqueIdentifier>{4FC737F1-C7A5-4376-A066-2A32D752A2FF}</UniqueIdentifier>
      <Extensions>cpp;c;cc;cxx;def;odl;idl;hpj;bat;asm;asmx</Extensions>
    </Filter>
    <Filter Include="헤더 파일">
      <UniqueIdentifier>{93995380-89BD-4b04-88EB-625FBE52EBFB}</UniqueIdentifier>
      <Extensions>h;hh;hpp;hxx;hm;inl;inc;ipp;xsd</Extensions>
    </Filter>
    <Filter Include="리소스 파일">
      <UniqueIdentifier>{67DA6AB6-F800-4c08-8B7A-83BB121AAD01}</UniqueIdentifier>
      <Extensions>rc;ico;cur;bmp;dlg;rc2;rct;bin;rgs;gif;jpg;jpeg;jpe;resx;tiff;tif;png;wav;mfcribbon-ms</Extensions>
    </Filter>
    <Filter Include="소스 파일\wrong">
      <UniqueIdentifier>{b60c1c36-9ac6-4b34-afef-b949c37b60de}</UniqueIdentifier>
    </Filter>
  </ItemGroup>
  <ItemGroup>
    <ClCompile Include="9095.cpp">
      <Filter>소스 파일</Filter>
    </ClCompile>
    <ClCompile Include="9507.cpp">
      <Filter>소스 파일</Filter>
    </ClCompile>
    <ClCompile Include="9095_2.cpp">
      <Filter>소스 파일</Filter>
    </ClCompile>
    <ClCompile Include="6359.cpp">
      <Filter>소스 파일</Filter>
    </ClCompile>
    <ClCompile Include="2698.cpp">
      <Filter>소스 파일\wrong</Filter>
    </ClCompile>
    <ClCompile Include="3943.cpp">
      <Filter>소스 파일</Filter>
    </ClCompile>
    <ClCompile Include="9085.cpp">
      <Filter>소스 파일</Filter>
    </ClCompile>
    <ClCompile Include="1316.cpp">
      <Filter>소스 파일</Filter>
    </ClCompile>
    <ClCompile Include="10039.cpp">
      <Filter>소스 파일</Filter>
    </ClCompile>
    <ClCompile Include="10797.cpp">
      <Filter>소스 파일</Filter>
    </ClCompile>
    <ClCompile Include="5585.cpp">
      <Filter>소스 파일</Filter>
    </ClCompile>
    <ClCompile Include="5543.cpp">
      <Filter>소스 파일</Filter>
    </ClCompile>
    <ClCompile Include="5565.cpp">
      <Filter>소스 파일</Filter>
    </ClCompile>
    <ClCompile Include="3053.cpp">
      <Filter>소스 파일</Filter>
    </ClCompile>
    <ClCompile Include="10886.cpp">
      <Filter>소스 파일</Filter>
    </ClCompile>
    <ClCompile Include="1475.cpp">
      <Filter>소스 파일</Filter>
    </ClCompile>
    <ClCompile Include="11050.cpp">
      <Filter>소스 파일</Filter>
    </ClCompile>
    <ClCompile Include="2407.cpp">
      <Filter>소스 파일\wrong</Filter>
    </ClCompile>
    <ClCompile Include="15353.cpp">
      <Filter>소스 파일</Filter>
    </ClCompile>
    <ClCompile Include="2960.cpp">
      <Filter>소스 파일</Filter>
    </ClCompile>
    <ClCompile Include="1977.cpp">
      <Filter>소스 파일</Filter>
    </ClCompile>
    <ClCompile Include="11441.cpp">
      <Filter>소스 파일</Filter>
    </ClCompile>
    <ClCompile Include="11729.cpp">
      <Filter>소스 파일</Filter>
    </ClCompile>
    <ClCompile Include="1463.cpp">
      <Filter>소스 파일</Filter>
    </ClCompile>
    <ClCompile Include="1764.cpp">
      <Filter>소스 파일\wrong</Filter>
    </ClCompile>
    <ClCompile Include="10953.cpp">
      <Filter>소스 파일</Filter>
    </ClCompile>
    <ClCompile Include="2193.cpp">
      <Filter>소스 파일</Filter>
    </ClCompile>
    <ClCompile Include="1699.cpp">
      <Filter>소스 파일</Filter>
    </ClCompile>
    <ClCompile Include="10870.cpp">
      <Filter>소스 파일</Filter>
    </ClCompile>
    <ClCompile Include="2751.cpp">
      <Filter>소스 파일</Filter>
    </ClCompile>
    <ClCompile Include="1476.cpp">
      <Filter>소스 파일</Filter>
    </ClCompile>
    <ClCompile Include="17245.cpp">
      <Filter>소스 파일</Filter>
    </ClCompile>
    <ClCompile Include="3462.cpp">
      <Filter>소스 파일</Filter>
    </ClCompile>
    <ClCompile Include="9461.cpp">
      <Filter>소스 파일</Filter>
    </ClCompile>
    <ClCompile Include="1932.cpp">
      <Filter>소스 파일\wrong</Filter>
    </ClCompile>
    <ClCompile Include="1076.cpp">
      <Filter>소스 파일\wrong</Filter>
    </ClCompile>
    <ClCompile Include="11663_1t.cpp">
      <Filter>소스 파일</Filter>
    </ClCompile>
    <ClCompile Include="11663_2t.cpp">
      <Filter>소스 파일</Filter>
    </ClCompile>
  </ItemGroup>
</Project>