<?xml version="1.0" encoding="utf-8"?>
<Project ToolsVersion="4.0" xmlns="http://schemas.microsoft.com/developer/msbuild/2003">
  <ItemGroup>
    <Filter Include="소스 파일">
      <UniqueIdentifier>{4FC737F1-C7A5-4376-A066-2A32D752A2FF}</UniqueIdentifier>
      <Extensions>cpp;c;cc;cxx;def;odl;idl;hpj;bat;asm;asmx</Extensions>
    </Filter>
    <Filter Include="헤더 파일">
      <UniqueIdentifier>{93995380-89BD-4b04-88EB-625FBE52EBFB}</UniqueIdentifier>
      <Extensions>h;hh;hpp;hxx;hm;inl;inc;ipp;xsd</Extensions>
    </Filter>
    <Filter Include="리소스 파일">
      <UniqueIdentifier>{67DA6AB6-F800-4c08-8B7A-83BB121AAD01}</UniqueIdentifier>
      <Extensions>rc;ico;cur;bmp;dlg;rc2;rct;bin;rgs;gif;jpg;jpeg;jpe;resx;tiff;tif;png;wav;mfcribbon-ms</Extensions>
    </Filter>
    <Filter Include="소스 파일\graph">
      <UniqueIdentifier>{d3fda578-a375-476d-bf49-b58a24ce9823}</UniqueIdentifier>
    </Filter>
    <Filter Include="소스 파일\graph\bfs">
      <UniqueIdentifier>{9fa973d8-af15-4e78-bd13-c688baa5384f}</UniqueIdentifier>
    </Filter>
    <Filter Include="소스 파일\graph\dfs">
      <UniqueIdentifier>{3b7e704d-1d4a-4de4-a995-1f4d27ba393c}</UniqueIdentifier>
    </Filter>
  </ItemGroup>
  <ItemGroup>
    <ClCompile Include="15990_fail.cpp">
      <Filter>소스 파일</Filter>
    </ClCompile>
    <ClCompile Include="10844.cpp">
      <Filter>소스 파일</Filter>
    </ClCompile>
    <ClCompile Include="11721.cpp">
      <Filter>소스 파일</Filter>
    </ClCompile>
    <ClCompile Include="1964.cpp">
      <Filter>소스 파일</Filter>
    </ClCompile>
    <ClCompile Include="13301.cpp">
      <Filter>소스 파일</Filter>
    </ClCompile>
    <ClCompile Include="9625.cpp">
      <Filter>소스 파일</Filter>
    </ClCompile>
    <ClCompile Include="9656.cpp">
      <Filter>소스 파일</Filter>
    </ClCompile>
    <ClCompile Include="14645.cpp">
      <Filter>소스 파일</Filter>
    </ClCompile>
    <ClCompile Include="5522.cpp">
      <Filter>소스 파일</Filter>
    </ClCompile>
    <ClCompile Include="9657_BOTTOMUP.cpp">
      <Filter>소스 파일</Filter>
    </ClCompile>
    <ClCompile Include="9657_TOPDOWN.cpp">
      <Filter>소스 파일</Filter>
    </ClCompile>
    <ClCompile Include="11053.cpp">
      <Filter>소스 파일</Filter>
    </ClCompile>
    <ClCompile Include="1912.cpp">
      <Filter>소스 파일</Filter>
    </ClCompile>
    <ClCompile Include="10808.cpp">
      <Filter>소스 파일</Filter>
    </ClCompile>
    <ClCompile Include="15988.cpp">
      <Filter>소스 파일</Filter>
    </ClCompile>
    <ClCompile Include="1149.cpp">
      <Filter>소스 파일</Filter>
    </ClCompile>
    <ClCompile Include="1309.cpp">
      <Filter>소스 파일</Filter>
    </ClCompile>
    <ClCompile Include="5063.cpp">
      <Filter>소스 파일</Filter>
    </ClCompile>
    <ClCompile Include="5086.cpp">
      <Filter>소스 파일</Filter>
    </ClCompile>
    <ClCompile Include="5523.cpp">
      <Filter>소스 파일</Filter>
    </ClCompile>
    <ClCompile Include="2355.cpp">
      <Filter>소스 파일</Filter>
    </ClCompile>
    <ClCompile Include="11057.cpp">
      <Filter>소스 파일</Filter>
    </ClCompile>
    <ClCompile Include="2309.cpp">
      <Filter>소스 파일</Filter>
    </ClCompile>
    <ClCompile Include="1076.cpp">
      <Filter>소스 파일</Filter>
    </ClCompile>
    <ClCompile Include="13023_matrix.cpp">
      <Filter>소스 파일</Filter>
    </ClCompile>
    <ClCompile Include="1408.cpp">
      <Filter>소스 파일</Filter>
    </ClCompile>
    <ClCompile Include="1920.cpp">
      <Filter>소스 파일</Filter>
    </ClCompile>
    <ClCompile Include="dfs.cpp">
      <Filter>소스 파일\graph</Filter>
    </ClCompile>
    <ClCompile Include="bfs.cpp">
      <Filter>소스 파일\graph</Filter>
    </ClCompile>
    <ClCompile Include="1260.cpp">
      <Filter>소스 파일\graph</Filter>
    </ClCompile>
    <ClCompile Include="1904.cpp">
      <Filter>소스 파일</Filter>
    </ClCompile>
    <ClCompile Include="1012_bfs.cpp">
      <Filter>소스 파일\graph\bfs</Filter>
    </ClCompile>
    <ClCompile Include="1707_dfs.cpp">
      <Filter>소스 파일\graph\dfs</Filter>
    </ClCompile>
    <ClCompile Include="1707_dfs_rec.cpp">
      <Filter>소스 파일\graph\dfs</Filter>
    </ClCompile>
    <ClCompile Include="1707_ans.cpp">
      <Filter>소스 파일\graph\dfs</Filter>
    </ClCompile>
    <ClCompile Include="11724_dfs.cpp">
      <Filter>소스 파일\graph\dfs</Filter>
    </ClCompile>
    <ClCompile Include="11724_bfs.cpp">
      <Filter>소스 파일\graph\bfs</Filter>
    </ClCompile>
    <ClCompile Include="2667_bfs.cpp">
      <Filter>소스 파일\graph\bfs</Filter>
    </ClCompile>
    <ClCompile Include="4963_bfs.cpp">
      <Filter>소스 파일\graph\bfs</Filter>
    </ClCompile>
    <ClCompile Include="10026_bfs.cpp">
      <Filter>소스 파일\graph\bfs</Filter>
    </ClCompile>
    <ClCompile Include="16929_dfs.cpp">
      <Filter>소스 파일\graph\dfs</Filter>
    </ClCompile>
    <ClCompile Include="2475.cpp">
      <Filter>소스 파일</Filter>
    </ClCompile>
    <ClCompile Include="2178_bfs.cpp">
      <Filter>소스 파일\graph\bfs</Filter>
    </ClCompile>
    <ClCompile Include="2606_bfs.cpp">
      <Filter>소스 파일\graph\bfs</Filter>
    </ClCompile>
    <ClCompile Include="2583_bfs.cpp">
      <Filter>소스 파일\graph\bfs</Filter>
    </ClCompile>
    <ClCompile Include="7576_bfs_wrong.cpp">
      <Filter>소스 파일\graph\bfs</Filter>
    </ClCompile>
    <ClCompile Include="7576_bfs.cpp">
      <Filter>소스 파일\graph\bfs</Filter>
    </ClCompile>
  </ItemGroup>
</Project>